
Microsoft Visual Studio Solution File, Format Version 12.00
# Visual Studio 15
VisualStudioVersion = 15.0.28010.2050
MinimumVisualStudioVersion = 10.0.40219.1
Project("{FAE04EC0-301F-11D3-BF4B-00C04F79EFBC}") = "Forms.WebAPI", "Forms.WebAPI\Forms.WebAPI.csproj", "{82B7BCC4-B436-4982-9D8C-EF06E5EA29AA}"
EndProject
Project("{FAE04EC0-301F-11D3-BF4B-00C04F79EFBC}") = "Forms.Models", "Forms.Models\Forms.Models.csproj", "{9C369E28-18E0-4085-9503-AE37D407D2F8}"
EndProject
Project("{FAE04EC0-301F-11D3-BF4B-00C04F79EFBC}") = "Forms.Enums", "Forms.Enums\Forms.Enums.csproj", "{6C31CAD0-78C6-4003-9385-1A69E3830AF0}"
EndProject
Project("{FAE04EC0-301F-11D3-BF4B-00C04F79EFBC}") = "Forms.Repositories", "Forms.Repositories\Forms.Repositories.csproj", "{1A09A763-4BE7-4413-9A8B-600514E623D3}"
EndProject
Project("{FAE04EC0-301F-11D3-BF4B-00C04F79EFBC}") = "Forms.Managers", "Forms.Managers\Forms.Managers.csproj", "{ABED741E-CD73-431F-BF90-CE09C47A8BE3}"
EndProject
Project("{2150E333-8FDC-42A3-9474-1A3956D46DE8}") = "BLL", "BLL", "{E7724AE6-B484-4C91-A0A4-EFFBE1BF4E33}"
EndProject
Project("{2150E333-8FDC-42A3-9474-1A3956D46DE8}") = "DAL", "DAL", "{B8A4EDC1-E85B-48AB-A216-1861713E4FC6}"
EndProject
Project("{2150E333-8FDC-42A3-9474-1A3956D46DE8}") = "ML", "ML", "{E133B828-5499-4744-9ECB-99AB767B55E2}"
EndProject
Project("{FAE04EC0-301F-11D3-BF4B-00C04F79EFBC}") = "Forms.DA", "Forms.DA\Forms.DA.csproj", "{2759ED3A-6F00-49D4-A53C-1B7C663D331B}"
EndProject
Global
	GlobalSection(SolutionConfigurationPlatforms) = preSolution
		Debug|Any CPU = Debug|Any CPU
		Release|Any CPU = Release|Any CPU
	EndGlobalSection
	GlobalSection(ProjectConfigurationPlatforms) = postSolution
		{82B7BCC4-B436-4982-9D8C-EF06E5EA29AA}.Debug|Any CPU.ActiveCfg = Debug|Any CPU
		{82B7BCC4-B436-4982-9D8C-EF06E5EA29AA}.Debug|Any CPU.Build.0 = Debug|Any CPU
		{82B7BCC4-B436-4982-9D8C-EF06E5EA29AA}.Release|Any CPU.ActiveCfg = Release|Any CPU
		{82B7BCC4-B436-4982-9D8C-EF06E5EA29AA}.Release|Any CPU.Build.0 = Release|Any CPU
		{9C369E28-18E0-4085-9503-AE37D407D2F8}.Debug|Any CPU.ActiveCfg = Debug|Any CPU
		{9C369E28-18E0-4085-9503-AE37D407D2F8}.Debug|Any CPU.Build.0 = Debug|Any CPU
		{9C369E28-18E0-4085-9503-AE37D407D2F8}.Release|Any CPU.ActiveCfg = Release|Any CPU
		{9C369E28-18E0-4085-9503-AE37D407D2F8}.Release|Any CPU.Build.0 = Release|Any CPU
		{6C31CAD0-78C6-4003-9385-1A69E3830AF0}.Debug|Any CPU.ActiveCfg = Debug|Any CPU
		{6C31CAD0-78C6-4003-9385-1A69E3830AF0}.Debug|Any CPU.Build.0 = Debug|Any CPU
		{6C31CAD0-78C6-4003-9385-1A69E3830AF0}.Release|Any CPU.ActiveCfg = Release|Any CPU
		{6C31CAD0-78C6-4003-9385-1A69E3830AF0}.Release|Any CPU.Build.0 = Release|Any CPU
		{1A09A763-4BE7-4413-9A8B-600514E623D3}.Debug|Any CPU.ActiveCfg = Debug|Any CPU
		{1A09A763-4BE7-4413-9A8B-600514E623D3}.Debug|Any CPU.Build.0 = Debug|Any CPU
		{1A09A763-4BE7-4413-9A8B-600514E623D3}.Release|Any CPU.ActiveCfg = Release|Any CPU
		{1A09A763-4BE7-4413-9A8B-600514E623D3}.Release|Any CPU.Build.0 = Release|Any CPU
		{ABED741E-CD73-431F-BF90-CE09C47A8BE3}.Debug|Any CPU.ActiveCfg = Debug|Any CPU
		{ABED741E-CD73-431F-BF90-CE09C47A8BE3}.Debug|Any CPU.Build.0 = Debug|Any CPU
		{ABED741E-CD73-431F-BF90-CE09C47A8BE3}.Release|Any CPU.ActiveCfg = Release|Any CPU
		{ABED741E-CD73-431F-BF90-CE09C47A8BE3}.Release|Any CPU.Build.0 = Release|Any CPU
		{2759ED3A-6F00-49D4-A53C-1B7C663D331B}.Debug|Any CPU.ActiveCfg = Debug|Any CPU
		{2759ED3A-6F00-49D4-A53C-1B7C663D331B}.Debug|Any CPU.Build.0 = Debug|Any CPU
		{2759ED3A-6F00-49D4-A53C-1B7C663D331B}.Release|Any CPU.ActiveCfg = Release|Any CPU
		{2759ED3A-6F00-49D4-A53C-1B7C663D331B}.Release|Any CPU.Build.0 = Release|Any CPU
	EndGlobalSection
	GlobalSection(SolutionProperties) = preSolution
		HideSolutionNode = FALSE
	EndGlobalSection
	GlobalSection(NestedProjects) = preSolution
		{9C369E28-18E0-4085-9503-AE37D407D2F8} = {E133B828-5499-4744-9ECB-99AB767B55E2}
		{6C31CAD0-78C6-4003-9385-1A69E3830AF0} = {E133B828-5499-4744-9ECB-99AB767B55E2}
		{1A09A763-4BE7-4413-9A8B-600514E623D3} = {B8A4EDC1-E85B-48AB-A216-1861713E4FC6}
		{ABED741E-CD73-431F-BF90-CE09C47A8BE3} = {E7724AE6-B484-4C91-A0A4-EFFBE1BF4E33}
		{2759ED3A-6F00-49D4-A53C-1B7C663D331B} = {B8A4EDC1-E85B-48AB-A216-1861713E4FC6}
	EndGlobalSection
	GlobalSection(ExtensibilityGlobals) = postSolution
		SolutionGuid = {3F3E80B1-2A82-423D-B016-187BF8836CFC}
	EndGlobalSection
EndGlobal
